{
  "requires": true,
  "lockfileVersion": 1,
  "dependencies": {
    "@types/gapi": {
      "version": "0.0.39",
      "resolved": "https://registry.npmjs.org/@types/gapi/-/gapi-0.0.39.tgz",
      "integrity": "sha512-R1TZeZbvvbIC60DBJMhuOEivQHzOQtzl3uMDOOENTYQTSSDB6oEMpJo8HVPOTWivdUTbyEcB5qQOVr/JCKRlCQ=="
    },
    "@types/gapi.auth2": {
      "version": "0.0.53",
      "resolved": "https://registry.npmjs.org/@types/gapi.auth2/-/gapi.auth2-0.0.53.tgz",
      "integrity": "sha512-Ktd4EE6FUxs7aco8F/3jyOMqamoYTzaH9UjirxEZwQ/BpAzlXhzNhdcK/9aoiCaRRRYwggTv/ZlwQVU7lK7Ilw==",
      "requires": {
        "@types/gapi": "*"
      }
    },
    "@types/gapi.client": {
      "version": "1.0.4",
      "resolved": "https://registry.npmjs.org/@types/gapi.client/-/gapi.client-1.0.4.tgz",
      "integrity": "sha512-MVC0ukq+bVfmQnrkaJdyFBJVuQ7W9QtqH4aGqQaEmLBj/fwsbQ7IMk8M6q2LffEoKlYBuJNpGz4nTnckthoIpg=="
    },
    "@types/jquery": {
      "version": "3.5.5",
      "resolved": "https://registry.npmjs.org/@types/jquery/-/jquery-3.5.5.tgz",
      "integrity": "sha512-6RXU9Xzpc6vxNrS6FPPapN1SxSHgQ336WC6Jj/N8q30OiaBZ00l1GBgeP7usjVZPivSkGUfL1z/WW6TX989M+w==",
      "requires": {
        "@types/sizzle": "*"
      }
    },
    "@types/sizzle": {
      "version": "2.3.2",
      "resolved": "https://registry.npmjs.org/@types/sizzle/-/sizzle-2.3.2.tgz",
      "integrity": "sha512-7EJYyKTL7tFR8+gDbB6Wwz/arpGa0Mywk1TJbNzKzHtzbwVmY4HR9WqS5VV7dsBUKQmPNr192jHr/VpBluj/hg=="
    },
    "@types/toastr": {
      "version": "2.1.38",
      "resolved": "https://registry.npmjs.org/@types/toastr/-/toastr-2.1.38.tgz",
      "integrity": "sha512-zKF+vbPVkkwBaMy0lm5NdI117mOoxWOQf2eXOuP/upQ5lHDSfNK/bVoo/x8/IN1hLzO81g+JvTpZQhqr0gKyYg==",
      "requires": {
        "@types/jquery": "*"
      }
    },
    "@types/youtube": {
      "version": "0.0.42",
      "resolved": "https://registry.npmjs.org/@types/youtube/-/youtube-0.0.42.tgz",
      "integrity": "sha512-Nqo3HMPFPcNyZ7HNFZJjpH+N4yXqpxBItG+41e7nL9zednovMRZMXWj36CctSznbBcbj6ucvkJDo5iZ8SKqLIw=="
    }
  }
}
